<?xml version="1.0" encoding="utf-8"?>
<Project ToolsVersion="4.0" xmlns="http://schemas.microsoft.com/developer/msbuild/2003">
  <ItemGroup>
    <Filter Include="Source Files">
      <UniqueIdentifier>{4FC737F1-C7A5-4376-A066-2A32D752A2FF}</UniqueIdentifier>
      <Extensions>cpp;c;cc;cxx;c++;cppm;ixx;def;odl;idl;hpj;bat;asm;asmx</Extensions>
    </Filter>
    <Filter Include="Header Files">
      <UniqueIdentifier>{93995380-89BD-4b04-88EB-625FBE52EBFB}</UniqueIdentifier>
      <Extensions>h;hh;hpp;hxx;h++;hm;inl;inc;ipp;xsd</Extensions>
    </Filter>
    <Filter Include="Resource Files">
      <UniqueIdentifier>{67DA6AB6-F800-4c08-8B7A-83BB121AAD01}</UniqueIdentifier>
      <Extensions>rc;ico;cur;bmp;dlg;rc2;rct;bin;rgs;gif;jpg;jpeg;jpe;resx;tiff;tif;png;wav;mfcribbon-ms</Extensions>
    </Filter>
    <Filter Include="Header Files\AnimStateMachine">
      <UniqueIdentifier>{db81b4fd-2323-42b9-bb07-df1f34269cb8}</UniqueIdentifier>
    </Filter>
    <Filter Include="Header Files\AnimStateMachine\StateSource">
      <UniqueIdentifier>{0b4a9c85-f7bd-4fa6-9d71-72648995d496}</UniqueIdentifier>
    </Filter>
  </ItemGroup>
  <ItemGroup>
    <ClCompile Include="main.cpp">
      <Filter>Source Files</Filter>
    </ClCompile>
    <ClCompile Include="FSM\FSMEvent.cpp">
      <Filter>Source Files</Filter>
    </ClCompile>
    <ClCompile Include="util.cpp">
      <Filter>Source Files</Filter>
    </ClCompile>
    <ClCompile Include="Animation.cpp">
      <Filter>Source Files</Filter>
    </ClCompile>
    <ClCompile Include="Obj.cpp">
      <Filter>Source Files</Filter>
    </ClCompile>
    <ClCompile Include="Player.cpp">
      <Filter>Source Files</Filter>
    </ClCompile>
    <ClCompile Include="Core.cpp">
      <Filter>Source Files</Filter>
    </ClCompile>
    <ClCompile Include="PlayerCore.cpp">
      <Filter>Source Files</Filter>
    </ClCompile>
    <ClCompile Include="Animator.cpp">
      <Filter>Source Files</Filter>
    </ClCompile>
    <ClCompile Include="Controlled.cpp">
      <Filter>Source Files</Filter>
    </ClCompile>
    <ClCompile Include="Input.cpp">
      <Filter>Source Files</Filter>
    </ClCompile>
    <ClCompile Include="InputSource.cpp">
      <Filter>Source Files</Filter>
    </ClCompile>
    <ClCompile Include="Scripted.cpp">
      <Filter>Source Files</Filter>
    </ClCompile>
    <ClCompile Include="Body.cpp">
      <Filter>Source Files</Filter>
    </ClCompile>
    <ClCompile Include="Cfg.cpp">
      <Filter>Source Files</Filter>
    </ClCompile>
    <ClCompile Include="AnimStateMachine\AnimState.cpp">
      <Filter>Header Files\AnimStateMachine</Filter>
    </ClCompile>
    <ClCompile Include="AnimStateMachine\StateSource\DeadState.cpp">
      <Filter>Header Files\AnimStateMachine\StateSource</Filter>
    </ClCompile>
    <ClCompile Include="AnimStateMachine\StateSource\HitState.cpp">
      <Filter>Header Files\AnimStateMachine\StateSource</Filter>
    </ClCompile>
    <ClCompile Include="AnimStateMachine\StateSource\IdleState.cpp">
      <Filter>Header Files\AnimStateMachine\StateSource</Filter>
    </ClCompile>
    <ClCompile Include="AnimStateMachine\StateSource\RunningState.cpp">
      <Filter>Header Files\AnimStateMachine\StateSource</Filter>
    </ClCompile>
    <ClCompile Include="AnimStateMachine\all_anim_states.cpp">
      <Filter>Source Files</Filter>
    </ClCompile>
    <ClCompile Include="AnimStateMachine\AnimLambdas.cpp">
      <Filter>Header Files\AnimStateMachine</Filter>
    </ClCompile>
    <ClCompile Include="AnimStateMachine\AnimMachine.cpp">
      <Filter>Header Files\AnimStateMachine</Filter>
    </ClCompile>
    <ClCompile Include="Tilemap.cpp">
      <Filter>Source Files</Filter>
    </ClCompile>
    <ClCompile Include="Tile.cpp">
      <Filter>Source Files</Filter>
    </ClCompile>
    <ClCompile Include="Tileset.cpp">
      <Filter>Source Files</Filter>
    </ClCompile>
    <ClCompile Include="TileTypes.cpp">
      <Filter>Source Files</Filter>
    </ClCompile>
    <ClCompile Include="Phys.cpp">
      <Filter>Source Files</Filter>
    </ClCompile>
    <ClCompile Include="AnimStateMachine\StateSource\FallingState.cpp">
      <Filter>Header Files\AnimStateMachine\StateSource</Filter>
    </ClCompile>
    <ClCompile Include="AnimStateMachine\StateSource\LandingState.cpp">
      <Filter>Header Files\AnimStateMachine\StateSource</Filter>
    </ClCompile>
    <ClCompile Include="AnimStateMachine\StateSource\RisingState.cpp">
      <Filter>Header Files\AnimStateMachine\StateSource</Filter>
    </ClCompile>
    <ClCompile Include="AnimStateMachine\StateSource\LaunchingState.cpp">
      <Filter>Header Files\AnimStateMachine\StateSource</Filter>
    </ClCompile>
  </ItemGroup>
  <ItemGroup>
    <ClInclude Include="FSM\AnimStates.h">
      <Filter>Header Files</Filter>
    </ClInclude>
    <ClInclude Include="FSM\Events.h">
      <Filter>Header Files</Filter>
    </ClInclude>
    <ClInclude Include="FSM\FSM.h">
      <Filter>Header Files</Filter>
    </ClInclude>
    <ClInclude Include="FSM\PlayerAnimFSM.h">
      <Filter>Header Files</Filter>
    </ClInclude>
    <ClInclude Include="util.h">
      <Filter>Header Files</Filter>
    </ClInclude>
    <ClInclude Include="Animation.h">
      <Filter>Header Files</Filter>
    </ClInclude>
    <ClInclude Include="Obj.h">
      <Filter>Header Files</Filter>
    </ClInclude>
    <ClInclude Include="Player.h">
      <Filter>Header Files</Filter>
    </ClInclude>
    <ClInclude Include="Core.h">
      <Filter>Header Files</Filter>
    </ClInclude>
    <ClInclude Include="PlayerCore.h">
      <Filter>Header Files</Filter>
    </ClInclude>
    <ClInclude Include="Animator.h">
      <Filter>Header Files</Filter>
    </ClInclude>
    <ClInclude Include="Controlled.h">
      <Filter>Header Files</Filter>
    </ClInclude>
    <ClInclude Include="Input.h">
      <Filter>Header Files</Filter>
    </ClInclude>
    <ClInclude Include="InputSource.h">
      <Filter>Header Files</Filter>
    </ClInclude>
    <ClInclude Include="Scripted.h">
      <Filter>Header Files</Filter>
    </ClInclude>
    <ClInclude Include="InputSourceTypes.h">
      <Filter>Header Files</Filter>
    </ClInclude>
    <ClInclude Include="Body.h">
      <Filter>Header Files</Filter>
    </ClInclude>
    <ClInclude Include="Cfg.h">
      <Filter>Header Files</Filter>
    </ClInclude>
    <ClInclude Include="ResourceMgr.h">
      <Filter>Header Files</Filter>
    </ClInclude>
    <ClInclude Include="GameKeyEnum.h">
      <Filter>Header Files</Filter>
    </ClInclude>
    <ClInclude Include="AnimStateMachine\AnimState.h">
      <Filter>Header Files\AnimStateMachine</Filter>
    </ClInclude>
    <ClInclude Include="AnimStateMachine\AnimMachine.h">
      <Filter>Header Files\AnimStateMachine</Filter>
    </ClInclude>
    <ClInclude Include="AnimStateMachine\anim_machine_helpers.h">
      <Filter>Header Files\AnimStateMachine</Filter>
    </ClInclude>
    <ClInclude Include="AnimStateMachine\all_anim_states.h">
      <Filter>Header Files\AnimStateMachine</Filter>
    </ClInclude>
    <ClInclude Include="all_object_types.h">
      <Filter>Header Files</Filter>
    </ClInclude>
    <ClInclude Include="AnimStateMachine\AnimLambdas.h">
      <Filter>Header Files\AnimStateMachine</Filter>
    </ClInclude>
    <ClInclude Include="Tile.h">
      <Filter>Header Files</Filter>
    </ClInclude>
    <ClInclude Include="Tilemap.h">
      <Filter>Header Files</Filter>
    </ClInclude>
    <ClInclude Include="Tileset.h">
      <Filter>Header Files</Filter>
    </ClInclude>
    <ClInclude Include="Phys.h">
      <Filter>Header Files</Filter>
    </ClInclude>
  </ItemGroup>
  <ItemGroup>
    <Image Include="assets\PlayerAtlas.png">
      <Filter>Resource Files</Filter>
    </Image>
    <Image Include="assets\mmraw\6.png">
      <Filter>Resource Files</Filter>
    </Image>
    <Image Include="assets\mmraw\12-129172_megaman-x4-enemy-sprites-hd-png-download.png">
      <Filter>Resource Files</Filter>
    </Image>
    <Image Include="assets\mmraw\381-3817771_enemies-megaman-enemy-sprite-sheet.png">
      <Filter>Resource Files</Filter>
    </Image>
    <Image Include="assets\mmraw\bbabdae82710f75aaccac13d6fcbd8ff.png">
      <Filter>Resource Files</Filter>
    </Image>
    <Image Include="assets\mmraw\d1meywg-f0d29f9f-1088-40cf-b692-4bcc6e2f3011.jpg">
      <Filter>Resource Files</Filter>
    </Image>
    <Image Include="assets\mmraw\eighth.png">
      <Filter>Resource Files</Filter>
    </Image>
    <Image Include="assets\mmraw\fifth-tenth.png">
      <Filter>Resource Files</Filter>
    </Image>
    <Image Include="assets\mmraw\first.png">
      <Filter>Resource Files</Filter>
    </Image>
    <Image Include="assets\mmraw\firstHeld.png">
      <Filter>Resource Files</Filter>
    </Image>
    <Image Include="assets\mmraw\fourth.png">
      <Filter>Resource Files</Filter>
    </Image>
    <Image Include="assets\mmraw\mega_man_nes_sprite_sheet_by_dragondeplatino_d87jouv-fullview.jpg">
      <Filter>Resource Files</Filter>
    </Image>
    <Image Include="assets\mmraw\MegaManXEnnemies.gif">
      <Filter>Resource Files</Filter>
    </Image>
    <Image Include="assets\mmraw\MegaManXSheet1.gif">
      <Filter>Resource Files</Filter>
    </Image>
    <Image Include="assets\mmraw\MegaManXSheet6.gif">
      <Filter>Resource Files</Filter>
    </Image>
    <Image Include="assets\mmraw\MegaManXSheet7.gif">
      <Filter>Resource Files</Filter>
    </Image>
    <Image Include="assets\mmraw\MegaManXSheet9.gif">
      <Filter>Resource Files</Filter>
    </Image>
    <Image Include="assets\mmraw\MegaManXSheet11.gif">
      <Filter>Resource Files</Filter>
    </Image>
    <Image Include="assets\mmraw\MegaManXSheet13.gif">
      <Filter>Resource Files</Filter>
    </Image>
    <Image Include="assets\mmraw\MegaManXSheet17.gif">
      <Filter>Resource Files</Filter>
    </Image>
    <Image Include="assets\mmraw\mega-man-x-sprite-sheet-88x5z7tuf6a0edkp-88x5z7tuf6a0edkp.png">
      <Filter>Resource Files</Filter>
    </Image>
    <Image Include="assets\mmraw\mmm-mmx6dnadude.gif">
      <Filter>Resource Files</Filter>
    </Image>
    <Image Include="assets\mmraw\mmm-mmxarmour.gif">
      <Filter>Resource Files</Filter>
    </Image>
    <Image Include="assets\mmraw\MMX_Best.png">
      <Filter>Resource Files</Filter>
    </Image>
    <Image Include="assets\mmraw\mmx_iOS_enemies1.png">
      <Filter>Resource Files</Filter>
    </Image>
    <Image Include="assets\mmraw\mmx2_croakhopper.png">
      <Filter>Resource Files</Filter>
    </Image>
    <Image Include="assets\mmraw\mmx4__king_poseidon.gif">
      <Filter>Resource Files</Filter>
    </Image>
    <Image Include="assets\mmraw\napalmpbsheet.gif">
      <Filter>Resource Files</Filter>
    </Image>
    <Image Include="assets\mmraw\newSpriteShee.png">
      <Filter>Resource Files</Filter>
    </Image>
    <Image Include="assets\mmraw\ninth.png">
      <Filter>Resource Files</Filter>
    </Image>
    <Image Include="assets\mmraw\secondNocharge.png">
      <Filter>Resource Files</Filter>
    </Image>
    <Image Include="assets\mmraw\seventh.png">
      <Filter>Resource Files</Filter>
    </Image>
    <Image Include="assets\mmraw\sixth.png">
      <Filter>Resource Files</Filter>
    </Image>
    <Image Include="assets\mmraw\third.png">
      <Filter>Resource Files</Filter>
    </Image>
    <Image Include="assets\mmraw\thirdCharge.png">
      <Filter>Resource Files</Filter>
    </Image>
    <Image Include="assets\mmraw\thirdNoCharge.png">
      <Filter>Resource Files</Filter>
    </Image>
    <Image Include="assets\mmraw\zerox4sheet.gif">
      <Filter>Resource Files</Filter>
    </Image>
    <Image Include="assets\MMAtlas.png">
      <Filter>Resource Files</Filter>
    </Image>
  </ItemGroup>
  <ItemGroup>
    <None Include="assets\tileset\tileset1.tst">
      <Filter>Resource Files</Filter>
    </None>
    <None Include="assets\tilemaps\tilemap1.map">
      <Filter>Resource Files</Filter>
    </None>
  </ItemGroup>
</Project>